
Microsoft Visual Studio Solution File, Format Version 12.00
# Visual Studio Version 17
VisualStudioVersion = 17.3.32929.385
MinimumVisualStudioVersion = 10.0.40219.1
Project("{FAE04EC0-301F-11D3-BF4B-00C04F79EFBC}") = "Exp3", "Exp3\Exp3.csproj", "{8C3494DF-E54F-4D5C-B09F-6FB95905C85D}"
EndProject
Global
	GlobalSection(SolutionConfigurationPlatforms) = preSolution
		Debug|Any CPU = Debug|Any CPU
		Release|Any CPU = Release|Any CPU
	EndGlobalSection
	GlobalSection(ProjectConfigurationPlatforms) = postSolution
		{8C3494DF-E54F-4D5C-B09F-6FB95905C85D}.Debug|Any CPU.ActiveCfg = Debug|Any CPU
		{8C3494DF-E54F-4D5C-B09F-6FB95905C85D}.Debug|Any CPU.Build.0 = Debug|Any CPU
		{8C3494DF-E54F-4D5C-B09F-6FB95905C85D}.Release|Any CPU.ActiveCfg = Release|Any CPU
		{8C3494DF-E54F-4D5C-B09F-6FB95905C85D}.Release|Any CPU.Build.0 = Release|Any CPU
	EndGlobalSection
	GlobalSection(SolutionProperties) = preSolution
		HideSolutionNode = FALSE
	EndGlobalSection
	GlobalSection(ExtensibilityGlobals) = postSolution
		SolutionGuid = {7E4D444F-C2C2-4423-A5D8-AAE085423EAE}
	EndGlobalSection
EndGlobal
