
Microsoft Visual Studio Solution File, Format Version 12.00
# Visual Studio Version 17
VisualStudioVersion = 17.3.32929.385
MinimumVisualStudioVersion = 10.0.40219.1
Project("{FAE04EC0-301F-11D3-BF4B-00C04F79EFBC}") = "Exp1", "Exp1\Exp1.csproj", "{0B3F69D3-0B56-4124-82A1-D457C3312B6A}"
EndProject
Global
	GlobalSection(SolutionConfigurationPlatforms) = preSolution
		Debug|Any CPU = Debug|Any CPU
		Release|Any CPU = Release|Any CPU
	EndGlobalSection
	GlobalSection(ProjectConfigurationPlatforms) = postSolution
		{0B3F69D3-0B56-4124-82A1-D457C3312B6A}.Debug|Any CPU.ActiveCfg = Debug|Any CPU
		{0B3F69D3-0B56-4124-82A1-D457C3312B6A}.Debug|Any CPU.Build.0 = Debug|Any CPU
		{0B3F69D3-0B56-4124-82A1-D457C3312B6A}.Release|Any CPU.ActiveCfg = Release|Any CPU
		{0B3F69D3-0B56-4124-82A1-D457C3312B6A}.Release|Any CPU.Build.0 = Release|Any CPU
	EndGlobalSection
	GlobalSection(SolutionProperties) = preSolution
		HideSolutionNode = FALSE
	EndGlobalSection
	GlobalSection(ExtensibilityGlobals) = postSolution
		SolutionGuid = {E7FFBF35-1CF8-4666-AF1E-BC8C152A18C1}
	EndGlobalSection
EndGlobal
