
Microsoft Visual Studio Solution File, Format Version 12.00
# Visual Studio Version 17
VisualStudioVersion = 17.3.32929.385
MinimumVisualStudioVersion = 10.0.40219.1
Project("{FAE04EC0-301F-11D3-BF4B-00C04F79EFBC}") = "Exp11", "Exp11\Exp11.csproj", "{50516EF9-077F-4710-8DF8-89D37A721743}"
EndProject
Global
	GlobalSection(SolutionConfigurationPlatforms) = preSolution
		Debug|Any CPU = Debug|Any CPU
		Release|Any CPU = Release|Any CPU
	EndGlobalSection
	GlobalSection(ProjectConfigurationPlatforms) = postSolution
		{50516EF9-077F-4710-8DF8-89D37A721743}.Debug|Any CPU.ActiveCfg = Debug|Any CPU
		{50516EF9-077F-4710-8DF8-89D37A721743}.Debug|Any CPU.Build.0 = Debug|Any CPU
		{50516EF9-077F-4710-8DF8-89D37A721743}.Release|Any CPU.ActiveCfg = Release|Any CPU
		{50516EF9-077F-4710-8DF8-89D37A721743}.Release|Any CPU.Build.0 = Release|Any CPU
	EndGlobalSection
	GlobalSection(SolutionProperties) = preSolution
		HideSolutionNode = FALSE
	EndGlobalSection
	GlobalSection(ExtensibilityGlobals) = postSolution
		SolutionGuid = {9CE39B37-7380-4369-89EB-96F639D87EF1}
	EndGlobalSection
EndGlobal
