
Microsoft Visual Studio Solution File, Format Version 12.00
# Visual Studio Version 17
VisualStudioVersion = 17.3.32929.385
MinimumVisualStudioVersion = 10.0.40219.1
Project("{FAE04EC0-301F-11D3-BF4B-00C04F79EFBC}") = "Exp7", "Exp7\Exp7.csproj", "{8EDDB3DB-4FC4-499C-9FD2-714E5839C56F}"
EndProject
Global
	GlobalSection(SolutionConfigurationPlatforms) = preSolution
		Debug|Any CPU = Debug|Any CPU
		Release|Any CPU = Release|Any CPU
	EndGlobalSection
	GlobalSection(ProjectConfigurationPlatforms) = postSolution
		{8EDDB3DB-4FC4-499C-9FD2-714E5839C56F}.Debug|Any CPU.ActiveCfg = Debug|Any CPU
		{8EDDB3DB-4FC4-499C-9FD2-714E5839C56F}.Debug|Any CPU.Build.0 = Debug|Any CPU
		{8EDDB3DB-4FC4-499C-9FD2-714E5839C56F}.Release|Any CPU.ActiveCfg = Release|Any CPU
		{8EDDB3DB-4FC4-499C-9FD2-714E5839C56F}.Release|Any CPU.Build.0 = Release|Any CPU
	EndGlobalSection
	GlobalSection(SolutionProperties) = preSolution
		HideSolutionNode = FALSE
	EndGlobalSection
	GlobalSection(ExtensibilityGlobals) = postSolution
		SolutionGuid = {716D19B7-2E78-476F-8A56-E5DC2C2143B4}
	EndGlobalSection
EndGlobal
